
Microsoft Visual Studio Solution File, Format Version 12.00
# Visual Studio Version 16
VisualStudioVersion = 16.0.31005.135
MinimumVisualStudioVersion = 10.0.40219.1
Project("{9A19103F-16F7-4668-BE54-9A1E7A4F7556}") = "ChatClient", "ChatClient\ChatClient.csproj", "{EA6E6806-5098-4EBA-AC43-C936D2A43E6E}"
EndProject
Global
	GlobalSection(SolutionConfigurationPlatforms) = preSolution
		Debug|Any CPU = Debug|Any CPU
		Release|Any CPU = Release|Any CPU
	EndGlobalSection
	GlobalSection(ProjectConfigurationPlatforms) = postSolution
		{EA6E6806-5098-4EBA-AC43-C936D2A43E6E}.Debug|Any CPU.ActiveCfg = Debug|Any CPU
		{EA6E6806-5098-4EBA-AC43-C936D2A43E6E}.Debug|Any CPU.Build.0 = Debug|Any CPU
		{EA6E6806-5098-4EBA-AC43-C936D2A43E6E}.Release|Any CPU.ActiveCfg = Release|Any CPU
		{EA6E6806-5098-4EBA-AC43-C936D2A43E6E}.Release|Any CPU.Build.0 = Release|Any CPU
	EndGlobalSection
	GlobalSection(SolutionProperties) = preSolution
		HideSolutionNode = FALSE
	EndGlobalSection
	GlobalSection(ExtensibilityGlobals) = postSolution
		SolutionGuid = {73574EF7-580F-4E58-9B73-BF5EB4B9AB69}
	EndGlobalSection
EndGlobal
